{
  "version": 1,
  "dependencies": {
    "net10.0-android36.0": {
      "Microsoft.NET.ILLink.Tasks": {
        "type": "Direct",
        "requested": "[10.0.0, )",
        "resolved": "10.0.0",
        "contentHash": "kICGrGYEzCNI3wPzfEXcwNHgTvlvVn9yJDhSdRK+oZQy4jvYH529u7O0xf5ocQKzOMjfS07+3z9PKRIjrFMJDA=="
      },
      "Xamarin.Google.MLKit.Translate": {
        "type": "Direct",
        "requested": "[117.0.3.8, )",
        "resolved": "117.0.3.8",
        "contentHash": "MDmZ7iMFsDcol+B+eRiftnmq9HXg0MEgCIU5Fu/TQK6fNqVuyOP1LK3JHtFiQLF+4AFpHxVkJnzv9MsVoqM+aw==",
        "dependencies": {
          "Square.OkHttp3": "5.4.0.1",
          "Xamarin.AndroidX.Core": "1.19.0.1",
          "Xamarin.Build.Download": "0.11.4",
          "Xamarin.Firebase.Components": "119.0.1.2",
          "Xamarin.Firebase.Encoders": "117.0.0.26",
          "Xamarin.Firebase.Encoders.JSON": "118.0.1.18",
          "Xamarin.Google.Android.DataTransport.TransportApi": "4.1.1.1",
          "Xamarin.Google.Android.DataTransport.TransportBackendCct": "4.1.1.1",
          "Xamarin.Google.Android.DataTransport.TransportRuntime": "4.1.1.1",
          "Xamarin.Google.MLKit.Common": "118.11.0.8",
          "Xamarin.GooglePlayServices.Base": "118.10.0.2",
          "Xamarin.GooglePlayServices.Basement": "118.10.0.2",
          "Xamarin.GooglePlayServices.Tasks": "118.4.1.2"
        }
      },
      "Square.OkHttp3": {
        "type": "Transitive",
        "resolved": "5.4.0.1",
        "contentHash": "TTWRTIkxIuooO2CJExLbtLSmSu31RVqskZCdGu8GLtqBY7c/ey79ZMtNGOsEbNk2WNGDy+QYOU8E/wyLFo9kJw==",
        "dependencies": {
          "Square.OkHttp3.Android": "5.4.0.1",
          "Square.OkIO": "3.17.0.1",
          "Xamarin.Kotlin.StdLib": "2.4.0.1"
        }
      },
      "Square.OkHttp3.Android": {
        "type": "Transitive",
        "resolved": "5.4.0.1",
        "contentHash": "cpIQWqgvkO+wAqbDqE0qkbHACa0+Q2QdbqbkZEscneRbw3Cquy+Nfq1UkarHxGbRzlqLuj+G7LjduNrrKTAjFA==",
        "dependencies": {
          "Square.OkIO.JVM": "3.17.0.1",
          "Xamarin.AndroidX.Annotation.Jvm": "1.10.0.1",
          "Xamarin.AndroidX.Startup.StartupRuntime": "1.2.0.8",
          "Xamarin.Kotlin.StdLib": "2.4.0.1"
        }
      },
      "Square.OkIO": {
        "type": "Transitive",
        "resolved": "3.17.0.1",
        "contentHash": "cTu7TmxQM7iZlRov8yOkNCKyLup7C/4hJiyNM7Cg0K2Fn/A4TDgxfwA4lvi7U8SDySGfx6hdvgzhc80tc97l7g==",
        "dependencies": {
          "Square.OkIO.JVM": "3.17.0.1"
        }
      },
      "Square.OkIO.JVM": {
        "type": "Transitive",
        "resolved": "3.17.0.1",
        "contentHash": "6Y8FwR9s9mfqUGNexDycUHuK/18YrQp8Ol3vkIyyGfSX8/SRR0PRgZ15/x9xZhkS2IVbcjjWSLXjSE1fe3DrGQ==",
        "dependencies": {
          "Xamarin.Kotlin.StdLib": "2.4.0.1"
        }
      },
      "Xamarin.AndroidX.Activity": {
        "type": "Transitive",
        "resolved": "1.13.0.1",
        "contentHash": "W2Tvk9UOvP6i/cCJrv0vQyAFzaxejfzSQDvjj9BoHtbM7fCVSXUngHTSaWptRcgUQQJyRNmKmTJ2YipndCZijw==",
        "dependencies": {
          "Xamarin.AndroidX.Annotation": "1.10.0.1",
          "Xamarin.AndroidX.Core.Core.Ktx": "1.19.0.1",
          "Xamarin.AndroidX.Core.ViewTree": "1.0.0.6",
          "Xamarin.AndroidX.Lifecycle.Common": "2.11.0.1",
          "Xamarin.AndroidX.Lifecycle.Runtime": "2.11.0.1",
          "Xamarin.AndroidX.Lifecycle.ViewModel": "2.11.0.1",
          "Xamarin.AndroidX.Lifecycle.ViewModelSavedState": "2.11.0.1",
          "Xamarin.AndroidX.NavigationEvent": "1.1.2.1",
          "Xamarin.AndroidX.ProfileInstaller.ProfileInstaller": "1.4.1.8",
          "Xamarin.AndroidX.SavedState": "1.5.0.1",
          "Xamarin.AndroidX.Tracing.Tracing": "1.3.0.4",
          "Xamarin.Kotlin.StdLib": "2.4.0.1",
          "Xamarin.KotlinX.Coroutines.Core": "1.11.0.1"
        }
      },
      "Xamarin.AndroidX.Annotation": {
        "type": "Transitive",
        "resolved": "1.10.0.1",
        "contentHash": "OFFhDPUvfvyAaYU1s32hkiRt460zLkNxBgW1l2QUZDa2sSAQSGdrdpSZSpeXGXI0r1lgXPLIv8PWNmStIDr+Hw==",
        "dependencies": {
          "Xamarin.AndroidX.Annotation.Jvm": "1.10.0.1",
          "Xamarin.Kotlin.StdLib": "2.4.0.1"
        }
      },
      "Xamarin.AndroidX.Annotation.Experimental": {
        "type": "Transitive",
        "resolved": "1.6.0.1",
        "contentHash": "sZSJtoivC3uBRIZVkRoBeYtpRcs1MxBxRoW9hcHeNwbQO9yPxBBpUsQyztZT4DrUNXvbLVAjA+fS4kvy7rUjbA==",
        "dependencies": {
          "Xamarin.Kotlin.StdLib": "2.4.0.1"
        }
      },
      "Xamarin.AndroidX.Annotation.Jvm": {
        "type": "Transitive",
        "resolved": "1.10.0.1",
        "contentHash": "TwAZDaPB2TYKAfRnrkh59rqrk0KaCKAqkMomZ84WuFJ5elkVzO1ttZjAHY7oD6XkmnaZyOkGhBacxmu4ApTh0g==",
        "dependencies": {
          "Xamarin.Kotlin.StdLib": "2.4.0.1"
        }
      },
      "Xamarin.AndroidX.AppCompat": {
        "type": "Transitive",
        "resolved": "1.7.1.4",
        "contentHash": "txambMgIFpDjAEpwqk0j1GK+pQdwu3JSxVqu5Zd83RrGSFnHoUZEM4ep+ESD75UARqLWYqhMfxpl5P52O2q6pQ==",
        "dependencies": {
          "Xamarin.AndroidX.Activity": "1.13.0.1",
          "Xamarin.AndroidX.Annotation": "1.10.0.1",
          "Xamarin.AndroidX.AppCompat.AppCompatResources": "[1.7.1.4, 1.7.2)",
          "Xamarin.AndroidX.Collection": "1.6.0.1",
          "Xamarin.AndroidX.Core": "1.19.0.1",
          "Xamarin.AndroidX.Core.Core.Ktx": "1.19.0.1",
          "Xamarin.AndroidX.CursorAdapter": "1.0.0.37",
          "Xamarin.AndroidX.DrawerLayout": "1.2.0.21",
          "Xamarin.AndroidX.Emoji2": "1.6.0.3",
          "Xamarin.AndroidX.Emoji2.ViewsHelper": "1.6.0.3",
          "Xamarin.AndroidX.Fragment": "1.8.9.3",
          "Xamarin.AndroidX.Lifecycle.Runtime": "2.11.0.1",
          "Xamarin.AndroidX.Lifecycle.ViewModel": "2.11.0.1",
          "Xamarin.AndroidX.ProfileInstaller.ProfileInstaller": "1.4.1.8",
          "Xamarin.AndroidX.ResourceInspection.Annotation": "1.0.1.25",
          "Xamarin.AndroidX.SavedState": "1.5.0.1",
          "Xamarin.Kotlin.StdLib": "2.4.0.1"
        }
      },
      "Xamarin.AndroidX.AppCompat.AppCompatResources": {
        "type": "Transitive",
        "resolved": "1.7.1.4",
        "contentHash": "FMooskcnJ3pU03GtRMVd1Y16ZGahVQ6mgl4msPzWQ2QUoxlie2yPijYQka5k9ssNWjQNsSuEAOfpPz1A3LYsxg==",
        "dependencies": {
          "Xamarin.AndroidX.Annotation": "1.10.0.1",
          "Xamarin.AndroidX.Collection": "1.6.0.1",
          "Xamarin.AndroidX.Core": "1.19.0.1",
          "Xamarin.AndroidX.VectorDrawable": "1.2.0.11",
          "Xamarin.AndroidX.VectorDrawable.Animated": "1.2.0.11"
        }
      },
      "Xamarin.AndroidX.Arch.Core.Common": {
        "type": "Transitive",
        "resolved": "2.2.0.21",
        "contentHash": "K3/VTkAn9aKFPjMQZnMyXwU3jA3hj5RZps/KoQGzGBeg+4KtBpx+aZd8n6bSJQGRg0YF0Viz8bocSoCKfylvtw==",
        "dependencies": {
          "Xamarin.AndroidX.Annotation": "1.10.0.1"
        }
      },
      "Xamarin.AndroidX.Arch.Core.Runtime": {
        "type": "Transitive",
        "resolved": "2.2.0.21",
        "contentHash": "d+xgYu109rmZRpRA3QjdOxHWFwJBndtAudu/XbfeqQR+OTaW7dpFYNAKLK2bGlihQqVszOuVdUdn3crpbZeUGw==",
        "dependencies": {
          "Xamarin.AndroidX.Annotation": "1.10.0.1",
          "Xamarin.AndroidX.Arch.Core.Common": "[2.2.0.21, 2.2.1)"
        }
      },
      "Xamarin.AndroidX.Collection": {
        "type": "Transitive",
        "resolved": "1.6.0.1",
        "contentHash": "2KWXJOSjKTcJRIUrayYj5Kic+UP7TsTCieDBgiyImMhft5cEvdHUJjhseH7WIrKRVkpNoj5PAIlZgRimVSbayA==",
        "dependencies": {
          "Xamarin.AndroidX.Annotation": "1.10.0.1",
          "Xamarin.AndroidX.Collection.Jvm": "1.6.0.1",
          "Xamarin.Kotlin.StdLib": "2.4.0.1"
        }
      },
      "Xamarin.AndroidX.Collection.Jvm": {
        "type": "Transitive",
        "resolved": "1.6.0.1",
        "contentHash": "qmUjU7y9SOuhBwVOVtsJogWE8xuDQIRGN+IQtL+JK4du6BDKrpY4sKSBaPH//+9SAzo+l6V8EgGXd/KhJQM0dg==",
        "dependencies": {
          "Xamarin.AndroidX.Annotation.Jvm": "1.10.0.1",
          "Xamarin.JSpecify": "1.0.0.7",
          "Xamarin.Kotlin.StdLib": "2.4.0.1"
        }
      },
      "Xamarin.AndroidX.Compose.Runtime.Annotation": {
        "type": "Transitive",
        "resolved": "1.11.3.1",
        "contentHash": "IP+ct5uaVhAp0f2Spe62kXgaoGwLuogBeG42q5ta6Nj7mQlHgxetJC5dwauMXjKnT8hwoZthpP4lvagpCZZdnA==",
        "dependencies": {
          "Xamarin.Kotlin.StdLib": "2.4.0.1"
        }
      },
      "Xamarin.AndroidX.Compose.Runtime.Annotation.Android": {
        "type": "Transitive",
        "resolved": "1.11.3.1",
        "contentHash": "NCz5fp215Nj4lE6SQd8EXjJ6vTztoLCa3rtrOYmb39Tlv96NdDNHTR/jl5ARL8+RjcLuwxwL/q1Na1aVPjFDGA==",
        "dependencies": {
          "Xamarin.Kotlin.StdLib": "2.4.0.1"
        }
      },
      "Xamarin.AndroidX.Concurrent.Futures": {
        "type": "Transitive",
        "resolved": "1.3.0.4",
        "contentHash": "KiRIKChlF+ZUSmwF7WsBXl5ACfr/dxaCzk8o3xRqLaUxuY5BFK7mrG1zGahkl1WZFSvXkMIqzA88DShr7EdnXQ==",
        "dependencies": {
          "Xamarin.AndroidX.Annotation": "1.10.0.1",
          "Xamarin.Google.Guava.ListenableFuture": "1.0.0.32",
          "Xamarin.JSpecify": "1.0.0.7"
        }
      },
      "Xamarin.AndroidX.Core": {
        "type": "Transitive",
        "resolved": "1.19.0.1",
        "contentHash": "o99imtQhC8lAEzxbvoeh+Tk4Gr2yHOE5LlV0YJK0n561PZlFvQYBSGrM+ZYL3pivXBO2IjAcWZdRGy67DZI0oA==",
        "dependencies": {
          "Xamarin.AndroidX.Annotation": "1.10.0.1",
          "Xamarin.AndroidX.Annotation.Experimental": "1.6.0.1",
          "Xamarin.AndroidX.Collection": "1.6.0.1",
          "Xamarin.AndroidX.Concurrent.Futures": "1.3.0.4",
          "Xamarin.AndroidX.Core.ViewTree": "1.0.0.6",
          "Xamarin.AndroidX.Interpolator": "1.0.0.37",
          "Xamarin.AndroidX.Lifecycle.Common": "2.11.0.1",
          "Xamarin.AndroidX.Lifecycle.Runtime": "2.11.0.1",
          "Xamarin.AndroidX.Tracing.Tracing": "1.3.0.4",
          "Xamarin.AndroidX.VersionedParcelable": "1.2.1.6",
          "Xamarin.Google.Guava.ListenableFuture": "1.0.0.32",
          "Xamarin.JSpecify": "1.0.0.7",
          "Xamarin.Kotlin.StdLib": "2.4.0.1",
          "Xamarin.KotlinX.Coroutines.Core": "1.11.0.1"
        }
      },
      "Xamarin.AndroidX.Core.Core.Ktx": {
        "type": "Transitive",
        "resolved": "1.19.0.1",
        "contentHash": "oYMa8qwe+Rs4v3Rs1SXA0UJ3DLyFWJtpjwSeFeh1+jlS+SF1xHbOt9G5zKqz193zPP+mDJkaYmdJpv8ahhAjlA==",
        "dependencies": {
          "Xamarin.AndroidX.Core": "1.19.0.1",
          "Xamarin.Kotlin.StdLib": "2.4.0.1"
        }
      },
      "Xamarin.AndroidX.Core.ViewTree": {
        "type": "Transitive",
        "resolved": "1.0.0.6",
        "contentHash": "BJP0aUy9fLExMVrrjqvzSj5MKU9RFVfT+fxW/5oUrlkmSewDZyfJfHo4MwtmbUDQGDDG+ARpPIABOalhWqYJdA==",
        "dependencies": {
          "Xamarin.Kotlin.StdLib": "2.4.0.1"
        }
      },
      "Xamarin.AndroidX.CursorAdapter": {
        "type": "Transitive",
        "resolved": "1.0.0.37",
        "contentHash": "tZxKuVjw9HwxSSVyhxVw4Hs+YRNHbLwpu+5QpSq6RCjY7NVNoHeLklytntBVuDY2EUKOuR2hSrBRhcgijfrxXg==",
        "dependencies": {
          "Xamarin.AndroidX.Annotation": "1.10.0.1"
        }
      },
      "Xamarin.AndroidX.CustomView": {
        "type": "Transitive",
        "resolved": "1.2.0.4",
        "contentHash": "AuBRKJ1l2NwVze0pnkCflJM2rWortwoQ3Vz3ZUniYYEfVInDyQVRkNxwlDJqnxCxg/MPYK+120dV/fEQDGOOHg==",
        "dependencies": {
          "Xamarin.AndroidX.Annotation": "1.10.0.1",
          "Xamarin.AndroidX.Collection": "1.6.0.1",
          "Xamarin.AndroidX.Core": "1.19.0.1",
          "Xamarin.JSpecify": "1.0.0.7"
        }
      },
      "Xamarin.AndroidX.DrawerLayout": {
        "type": "Transitive",
        "resolved": "1.2.0.21",
        "contentHash": "BIvdnKMHI6JFPpApPBjL5/inu/L0wU88bKMDZOE+fnIAob0Qz4ZxyynSJJkC8D2dw2mVITYcAJxXK7zPkas3rg==",
        "dependencies": {
          "Xamarin.AndroidX.Annotation": "1.10.0.1",
          "Xamarin.AndroidX.Core": "1.19.0.1",
          "Xamarin.AndroidX.CustomView": "1.2.0.4"
        }
      },
      "Xamarin.AndroidX.Emoji2": {
        "type": "Transitive",
        "resolved": "1.6.0.3",
        "contentHash": "Pb603fbsfvfqbLHrFyn0deReLxb4gJMzBnSXRuuJrh2VL9TcOeNQ7WgpLa0QGJ0Z+3b6iuQhfnd6vNZ7fvYg5w==",
        "dependencies": {
          "Xamarin.AndroidX.Annotation": "1.10.0.1",
          "Xamarin.AndroidX.Collection": "1.6.0.1",
          "Xamarin.AndroidX.Core": "1.19.0.1",
          "Xamarin.AndroidX.Lifecycle.Process": "2.11.0.1",
          "Xamarin.AndroidX.Startup.StartupRuntime": "1.2.0.8",
          "Xamarin.JSpecify": "1.0.0.7"
        }
      },
      "Xamarin.AndroidX.Emoji2.ViewsHelper": {
        "type": "Transitive",
        "resolved": "1.6.0.3",
        "contentHash": "gVKEntE5UctFDeszUM+/+JVyqiyNkVyRyKXlf27/qUjPV5BzTVCx2JG2xL5C5hYNDQ+XiqKMEA35P+q9hZD+MQ==",
        "dependencies": {
          "Xamarin.AndroidX.Collection": "1.6.0.1",
          "Xamarin.AndroidX.Core": "1.19.0.1",
          "Xamarin.AndroidX.Emoji2": "[1.6.0.3, 1.6.1)",
          "Xamarin.JSpecify": "1.0.0.7"
        }
      },
      "Xamarin.AndroidX.Fragment": {
        "type": "Transitive",
        "resolved": "1.8.9.3",
        "contentHash": "PJ4Cz/w2kDMiS2Jb74qQVFFYspE6aySP46v8CnBXTSL5GdvQ18LR/MvpOvHVqy6owXh+MhOFhQYcumQHqqPRIA==",
        "dependencies": {
          "Xamarin.AndroidX.Activity": "1.13.0.1",
          "Xamarin.AndroidX.Annotation": "1.10.0.1",
          "Xamarin.AndroidX.Annotation.Experimental": "1.6.0.1",
          "Xamarin.AndroidX.Collection": "1.6.0.1",
          "Xamarin.AndroidX.Core.Core.Ktx": "1.19.0.1",
          "Xamarin.AndroidX.Lifecycle.LiveData.Core": "2.11.0.1",
          "Xamarin.AndroidX.Lifecycle.Runtime": "2.11.0.1",
          "Xamarin.AndroidX.Lifecycle.ViewModel": "2.11.0.1",
          "Xamarin.AndroidX.Lifecycle.ViewModelSavedState": "2.11.0.1",
          "Xamarin.AndroidX.Loader": "1.1.0.37",
          "Xamarin.AndroidX.ProfileInstaller.ProfileInstaller": "1.4.1.8",
          "Xamarin.AndroidX.SavedState": "1.5.0.1",
          "Xamarin.AndroidX.ViewPager": "1.1.0.7",
          "Xamarin.Kotlin.StdLib": "2.4.0.1"
        }
      },
      "Xamarin.AndroidX.Interpolator": {
        "type": "Transitive",
        "resolved": "1.0.0.37",
        "contentHash": "uBGc0kgh8v/SDiSWanClynPGz7sa6pQzkGgISn87MsiUqS8wtYlB+4HmXh7kEE449spgwPTf3ziEIEq/uJd99g==",
        "dependencies": {
          "Xamarin.AndroidX.Annotation": "1.10.0.1"
        }
      },
      "Xamarin.AndroidX.Lifecycle.Common": {
        "type": "Transitive",
        "resolved": "2.11.0.1",
        "contentHash": "fCKqf0sAnuA0J4AqusRBWfMSoLQPEt9uDNTB9X2ZM2oed1JKyt8ipdOTvX46pes2HsyCT+0etu4oaJh4Agcdvw==",
        "dependencies": {
          "Xamarin.AndroidX.Annotation": "1.10.0.1",
          "Xamarin.AndroidX.Lifecycle.Common.Jvm": "2.11.0.1",
          "Xamarin.Kotlin.StdLib": "2.4.0.1",
          "Xamarin.KotlinX.Coroutines.Core": "1.11.0.1"
        }
      },
      "Xamarin.AndroidX.Lifecycle.Common.Jvm": {
        "type": "Transitive",
        "resolved": "2.11.0.1",
        "contentHash": "wnp6hF14kO3zO9LFdH1SJJMIY6Vm0kIY+/goCRbtLMuF2/ZLnAW4SHGPqNrB467+YAVjNCNkc+CxLWP2ER7EIg==",
        "dependencies": {
          "Xamarin.AndroidX.Annotation.Jvm": "1.10.0.1",
          "Xamarin.JSpecify": "1.0.0.7",
          "Xamarin.Kotlin.StdLib": "2.4.0.1",
          "Xamarin.KotlinX.Coroutines.Core": "1.11.0.1"
        }
      },
      "Xamarin.AndroidX.Lifecycle.LiveData.Core": {
        "type": "Transitive",
        "resolved": "2.11.0.1",
        "contentHash": "oPRlEve2Cnngh15/6OoEzVE3mwYSo9XAfuphB37ya54+mxSrINO/deTuIR7zgwjG5iTUYKDAHlya848h1/VSug==",
        "dependencies": {
          "Xamarin.AndroidX.Arch.Core.Common": "2.2.0.21",
          "Xamarin.AndroidX.Arch.Core.Runtime": "2.2.0.21",
          "Xamarin.AndroidX.Lifecycle.Common": "[2.11.0.1, 2.11.1)",
          "Xamarin.JSpecify": "1.0.0.7",
          "Xamarin.Kotlin.StdLib": "2.4.0.1"
        }
      },
      "Xamarin.AndroidX.Lifecycle.Process": {
        "type": "Transitive",
        "resolved": "2.11.0.1",
        "contentHash": "vQbEwTh0oOhmGgJUx6zobjLl6ZEvFfEL9ZTsmQAovOdtvJvrQb/9bAqTxRgO81pOP8b3ZFiwISl5b1yd2hkKXw==",
        "dependencies": {
          "Xamarin.AndroidX.Annotation": "1.10.0.1",
          "Xamarin.AndroidX.Lifecycle.Runtime": "[2.11.0.1, 2.11.1)",
          "Xamarin.AndroidX.Startup.StartupRuntime": "1.2.0.8",
          "Xamarin.Kotlin.StdLib": "2.4.0.1"
        }
      },
      "Xamarin.AndroidX.Lifecycle.Runtime": {
        "type": "Transitive",
        "resolved": "2.11.0.1",
        "contentHash": "Xb/G30kVZVClyHiylVzxG+5Rhce9Zk4BBo1qNzrh8vGztLVg8c1dof1zodB3DOaCE/Kz08xe+azYdeuzgvKwmw==",
        "dependencies": {
          "Xamarin.AndroidX.Annotation": "1.10.0.1",
          "Xamarin.AndroidX.Arch.Core.Common": "2.2.0.21",
          "Xamarin.AndroidX.Collection": "1.6.0.1",
          "Xamarin.AndroidX.Lifecycle.Common": "[2.11.0.1, 2.11.1)",
          "Xamarin.AndroidX.Lifecycle.Runtime.Android": "2.11.0.1",
          "Xamarin.Kotlin.StdLib": "2.4.0.1"
        }
      },
      "Xamarin.AndroidX.Lifecycle.Runtime.Android": {
        "type": "Transitive",
        "resolved": "2.11.0.1",
        "contentHash": "XdoCaH+dVCnr5ya24MIgasaMyZV2mnUg812Ns+WO2gocOOtSjIxYzbXqihkFTaDUlWk0A+OFRIXTKYZ3ec6Viw==",
        "dependencies": {
          "Xamarin.AndroidX.Annotation.Jvm": "1.10.0.1",
          "Xamarin.AndroidX.Arch.Core.Common": "2.2.0.21",
          "Xamarin.AndroidX.Arch.Core.Runtime": "2.2.0.21",
          "Xamarin.AndroidX.Collection.Jvm": "1.6.0.1",
          "Xamarin.AndroidX.Core.ViewTree": "1.0.0.6",
          "Xamarin.AndroidX.Lifecycle.Common.Jvm": "[2.11.0.1, 2.11.1)",
          "Xamarin.AndroidX.ProfileInstaller.ProfileInstaller": "1.4.1.8",
          "Xamarin.JSpecify": "1.0.0.7",
          "Xamarin.Kotlin.StdLib": "2.4.0.1",
          "Xamarin.KotlinX.Coroutines.Android": "1.11.0.1"
        }
      },
      "Xamarin.AndroidX.Lifecycle.ViewModel": {
        "type": "Transitive",
        "resolved": "2.11.0.1",
        "contentHash": "XhweDAL6Gehaep9XhmrJCC5y4xNsHAR1+yWcvjreRnLWbSFVc8+qcBRI6emvYC6pzb0y2XjhFaFYEbgmJi3cNA==",
        "dependencies": {
          "Xamarin.AndroidX.Annotation": "1.10.0.1",
          "Xamarin.AndroidX.Collection": "1.6.0.1",
          "Xamarin.AndroidX.Lifecycle.ViewModel.Android": "2.11.0.1",
          "Xamarin.Kotlin.StdLib": "2.4.0.1",
          "Xamarin.KotlinX.AtomicFU": "0.33.0.1",
          "Xamarin.KotlinX.Coroutines.Core": "1.11.0.1"
        }
      },
      "Xamarin.AndroidX.Lifecycle.ViewModel.Android": {
        "type": "Transitive",
        "resolved": "2.11.0.1",
        "contentHash": "Yy0/eissXgeHSeyL6x4qeB4XbUy6H007c4xHMtpCP2ujhV7smebva2RbwMB4ikTAON/C715amv1mVfVeo3/JEA==",
        "dependencies": {
          "Xamarin.AndroidX.Annotation.Jvm": "1.10.0.1",
          "Xamarin.AndroidX.Collection.Jvm": "1.6.0.1",
          "Xamarin.AndroidX.Core.ViewTree": "1.0.0.6",
          "Xamarin.Kotlin.StdLib": "2.4.0.1",
          "Xamarin.KotlinX.Coroutines.Android": "1.11.0.1",
          "Xamarin.KotlinX.Coroutines.Core": "1.11.0.1"
        }
      },
      "Xamarin.AndroidX.Lifecycle.ViewModelSavedState": {
        "type": "Transitive",
        "resolved": "2.11.0.1",
        "contentHash": "vjN7bimU3WXfJc12fN5uQV1X2iYbFiB7b46v2i7N4qpCHgnkP/3Ae2fY+7OPEMsLu32N/keO8ZWGX52mGb4ZQw==",
        "dependencies": {
          "Xamarin.AndroidX.Annotation": "1.10.0.1",
          "Xamarin.AndroidX.Collection": "1.6.0.1",
          "Xamarin.AndroidX.Lifecycle.Common": "[2.11.0.1, 2.11.1)",
          "Xamarin.AndroidX.Lifecycle.ViewModel": "[2.11.0.1, 2.11.1)",
          "Xamarin.AndroidX.Lifecycle.ViewModelSavedState.Android": "2.11.0.1",
          "Xamarin.AndroidX.SavedState": "1.5.0.1",
          "Xamarin.Kotlin.StdLib": "2.4.0.1",
          "Xamarin.KotlinX.Coroutines.Core": "1.11.0.1",
          "Xamarin.KotlinX.Serialization.Core": "1.11.0.1"
        }
      },
      "Xamarin.AndroidX.Lifecycle.ViewModelSavedState.Android": {
        "type": "Transitive",
        "resolved": "2.11.0.1",
        "contentHash": "f+dRGHiNQSAYmSFi78uZ57ZqcgaRK5C6vsA7oyGCeM/yi0S29lWRX1wAlEjcaDal+XB7IE+4AT3gh4gK6RmbFg==",
        "dependencies": {
          "Xamarin.AndroidX.Annotation.Jvm": "1.10.0.1",
          "Xamarin.AndroidX.Collection.Jvm": "1.6.0.1",
          "Xamarin.AndroidX.Core.Core.Ktx": "1.19.0.1",
          "Xamarin.AndroidX.Lifecycle.Common.Jvm": "[2.11.0.1, 2.11.1)",
          "Xamarin.AndroidX.Lifecycle.LiveData.Core": "[2.11.0.1, 2.11.1)",
          "Xamarin.AndroidX.Lifecycle.ViewModel.Android": "[2.11.0.1, 2.11.1)",
          "Xamarin.AndroidX.SavedState.SavedState.Android": "1.5.0.1",
          "Xamarin.Kotlin.StdLib": "2.4.0.1",
          "Xamarin.KotlinX.Coroutines.Android": "1.11.0.1",
          "Xamarin.KotlinX.Coroutines.Core": "1.11.0.1",
          "Xamarin.KotlinX.Serialization.Core.Jvm": "1.11.0.1"
        }
      },
      "Xamarin.AndroidX.Loader": {
        "type": "Transitive",
        "resolved": "1.1.0.37",
        "contentHash": "pwovhD7xX+PlXLH9O9aU+oZXmAcjCS51f1JN7DoUoE83DWYK90/mWCSSuYcxdly9gJHCcHGoklIoM01qHv7Z7w==",
        "dependencies": {
          "Xamarin.AndroidX.Annotation": "1.10.0.1",
          "Xamarin.AndroidX.Collection": "1.6.0.1",
          "Xamarin.AndroidX.Core": "1.19.0.1",
          "Xamarin.AndroidX.Lifecycle.LiveData.Core": "2.11.0.1",
          "Xamarin.AndroidX.Lifecycle.ViewModel": "2.11.0.1"
        }
      },
      "Xamarin.AndroidX.NavigationEvent": {
        "type": "Transitive",
        "resolved": "1.1.2.1",
        "contentHash": "BuHoykG9rBTQg8WwXhwRl3NQPkroyksciRyuHVuYiO3gtU+M4MQwKj5JUW228yso8psjJhnhNg/79N2ExRF+og==",
        "dependencies": {
          "Xamarin.AndroidX.Annotation": "1.10.0.1",
          "Xamarin.AndroidX.Collection": "1.6.0.1",
          "Xamarin.AndroidX.Compose.Runtime.Annotation": "1.11.3.1",
          "Xamarin.AndroidX.NavigationEvent.Android": "1.1.2.1",
          "Xamarin.Kotlin.StdLib": "2.4.0.1",
          "Xamarin.KotlinX.AtomicFU": "0.33.0.1",
          "Xamarin.KotlinX.Coroutines.Core": "1.11.0.1"
        }
      },
      "Xamarin.AndroidX.NavigationEvent.Android": {
        "type": "Transitive",
        "resolved": "1.1.2.1",
        "contentHash": "rRcewSbsor2c/RS/kSCGvahu0boa9jvrNjLCOek8WeQJNyjhMqji7YECbv1PqT9jwHUXcx1FB4ULvjJnqVEtxQ==",
        "dependencies": {
          "Xamarin.AndroidX.Annotation.Jvm": "1.10.0.1",
          "Xamarin.AndroidX.Collection.Jvm": "1.6.0.1",
          "Xamarin.AndroidX.Compose.Runtime.Annotation.Android": "1.11.3.1",
          "Xamarin.AndroidX.Core.ViewTree": "1.0.0.6",
          "Xamarin.Kotlin.StdLib": "2.4.0.1",
          "Xamarin.KotlinX.Coroutines.Android": "1.11.0.1",
          "Xamarin.KotlinX.Coroutines.Core": "1.11.0.1"
        }
      },
      "Xamarin.AndroidX.ProfileInstaller.ProfileInstaller": {
        "type": "Transitive",
        "resolved": "1.4.1.8",
        "contentHash": "zBwJUR3ipSDdFs8yQCSHZVRc1Ngz6LRcdojEAF3Fn3YeXYjGEpQIWeGaruZi95bePWwk0L5628y3aqznAKfccQ==",
        "dependencies": {
          "Xamarin.AndroidX.Annotation": "1.10.0.1",
          "Xamarin.AndroidX.Concurrent.Futures": "1.3.0.4",
          "Xamarin.AndroidX.Startup.StartupRuntime": "1.2.0.8",
          "Xamarin.Google.Guava.ListenableFuture": "1.0.0.32"
        }
      },
      "Xamarin.AndroidX.ResourceInspection.Annotation": {
        "type": "Transitive",
        "resolved": "1.0.1.25",
        "contentHash": "0L7m/q7Ea0Q8Dx4nFK3BjtJZtcQfPs1DyziPpt7BXplj6zrf4GqKjHhneWNowr/LJxUZvxO+qx9F3/GU+ELlbA==",
        "dependencies": {
          "Xamarin.AndroidX.Annotation": "1.10.0.1"
        }
      },
      "Xamarin.AndroidX.SavedState": {
        "type": "Transitive",
        "resolved": "1.5.0.1",
        "contentHash": "H9wF2dchEuakH4gj4vnPpjgCcZ/f3WU+g1CCO+abTmYmZs3qUYzE4nekVoqNJHQ6PNYc7kMMo7hzM97nSXmS2Q==",
        "dependencies": {
          "Xamarin.AndroidX.Annotation": "1.10.0.1",
          "Xamarin.AndroidX.Collection": "1.6.0.1",
          "Xamarin.AndroidX.Lifecycle.Common": "2.11.0.1",
          "Xamarin.AndroidX.SavedState.SavedState.Android": "1.5.0.1",
          "Xamarin.Kotlin.StdLib": "2.4.0.1",
          "Xamarin.KotlinX.AtomicFU": "0.33.0.1",
          "Xamarin.KotlinX.Coroutines.Core": "1.11.0.1",
          "Xamarin.KotlinX.Serialization.Core": "1.11.0.1"
        }
      },
      "Xamarin.AndroidX.SavedState.SavedState.Android": {
        "type": "Transitive",
        "resolved": "1.5.0.1",
        "contentHash": "7XfPayLSlP2RRYcpvvEgbQG/t/g5o/RWtAEVE+sO0NBPNJWlQ/zvEzWjH7JeZE+ttRGov78AiwKfeWVX1ptPwQ==",
        "dependencies": {
          "Xamarin.AndroidX.Annotation.Jvm": "1.10.0.1",
          "Xamarin.AndroidX.Collection.Jvm": "1.6.0.1",
          "Xamarin.AndroidX.Core.Core.Ktx": "1.19.0.1",
          "Xamarin.AndroidX.Core.ViewTree": "1.0.0.6",
          "Xamarin.AndroidX.Lifecycle.Common.Jvm": "2.11.0.1",
          "Xamarin.Kotlin.StdLib": "2.4.0.1",
          "Xamarin.KotlinX.Coroutines.Core": "1.11.0.1",
          "Xamarin.KotlinX.Serialization.Core.Jvm": "1.11.0.1"
        }
      },
      "Xamarin.AndroidX.Startup.StartupRuntime": {
        "type": "Transitive",
        "resolved": "1.2.0.8",
        "contentHash": "HKloS4O57Oniv/5VF0fkHh6zEWRwToK7VyW2ajyWZ7+l+bkxUFZy9tHIHS/TCGvDYR6NVM8yA/Mz2x+TrWwPmg==",
        "dependencies": {
          "Xamarin.AndroidX.Annotation": "1.10.0.1",
          "Xamarin.AndroidX.Tracing.Tracing": "1.3.0.4"
        }
      },
      "Xamarin.AndroidX.Tracing.Tracing": {
        "type": "Transitive",
        "resolved": "1.3.0.4",
        "contentHash": "x0Oig3saZ/b2zk0R8Um713vT15I428kKm0jh/cW2t1XDbk/LF9Cnrsbo6/0p8SFPyqQch7JJACbnvsH+xEunZQ==",
        "dependencies": {
          "Xamarin.AndroidX.Tracing.Tracing.Android": "1.3.0.4",
          "Xamarin.Kotlin.StdLib": "2.4.0.1"
        }
      },
      "Xamarin.AndroidX.Tracing.Tracing.Android": {
        "type": "Transitive",
        "resolved": "1.3.0.4",
        "contentHash": "qQNpa9D6q6CgtgGRJGfaEZUVFH+0pzA+58V2z8CYosv6K/mKwJys9InR+0xNmMDshm1IuGhX4mgJ3Lf54D2BQg==",
        "dependencies": {
          "Xamarin.AndroidX.Annotation.Jvm": "1.10.0.1",
          "Xamarin.Kotlin.StdLib": "2.4.0.1"
        }
      },
      "Xamarin.AndroidX.VectorDrawable": {
        "type": "Transitive",
        "resolved": "1.2.0.11",
        "contentHash": "281B3dHTUiAyLl3ewj/cHgY0Sm0KAUP4PgLRs2jbeYt+TAvSoIoIM7EXu//bnmG6erY1dIFAfbNKfHQ/yBNp2A==",
        "dependencies": {
          "Xamarin.AndroidX.Annotation": "1.10.0.1",
          "Xamarin.AndroidX.Collection": "1.6.0.1",
          "Xamarin.AndroidX.Core": "1.19.0.1"
        }
      },
      "Xamarin.AndroidX.VectorDrawable.Animated": {
        "type": "Transitive",
        "resolved": "1.2.0.11",
        "contentHash": "6IIN9+ShJm59mc3mEe/s3HmB1EHh3wlfyBoQj7boMbmdK0e/kcLxvcVtLFH1WfkmhyYeWwGZY3mLTryVF8mWoQ==",
        "dependencies": {
          "Xamarin.AndroidX.Annotation": "1.10.0.1",
          "Xamarin.AndroidX.Collection": "1.6.0.1",
          "Xamarin.AndroidX.Core": "1.19.0.1",
          "Xamarin.AndroidX.Interpolator": "1.0.0.37",
          "Xamarin.AndroidX.VectorDrawable": "1.2.0.11"
        }
      },
      "Xamarin.AndroidX.VersionedParcelable": {
        "type": "Transitive",
        "resolved": "1.2.1.6",
        "contentHash": "RxZnmS3nBqOGHUUegHWBqAU4qlApR8s1nhCZ4CnCJBwvfXJQ1Y9aschXn2fXrYgV86xtwRR31+TN5KufIIvINw==",
        "dependencies": {
          "Xamarin.AndroidX.Annotation": "1.10.0.1",
          "Xamarin.AndroidX.Collection": "1.6.0.1",
          "Xamarin.JSpecify": "1.0.0.7"
        }
      },
      "Xamarin.AndroidX.ViewPager": {
        "type": "Transitive",
        "resolved": "1.1.0.7",
        "contentHash": "O8iQpk7iyF9yIdctfT1RMq2m2paOoJ6oDhkK6EC02iQuCrv09dv7n7suS0N1a9XEL+UNzQd3ul/lCXHmsIB3QA==",
        "dependencies": {
          "Xamarin.AndroidX.Annotation": "1.10.0.1",
          "Xamarin.AndroidX.Core": "1.19.0.1",
          "Xamarin.AndroidX.CustomView": "1.2.0.4"
        }
      },
      "Xamarin.Build.Download": {
        "type": "Transitive",
        "resolved": "0.11.4",
        "contentHash": "u2ROt0h6P7mfs0jbmgvmTrqU/YEpEZcf16xcHa78GSEp7fOZunNtJLCZxooeI1V5p+lrr9kYdg3Pa8FoTbgcXQ=="
      },
      "Xamarin.Firebase.Annotations": {
        "type": "Transitive",
        "resolved": "117.0.0.4",
        "contentHash": "W6nV9ZUh1tCOyBLEi0yZMwjRMqnAYU5LNQCmoxmOedKePVaIV/TpDTRCJvMe1+dIRg5m+vr+Q4E5g8M1xrdf0Q==",
        "dependencies": {
          "Xamarin.Build.Download": "0.11.4",
          "Xamarin.JavaX.Inject": "1.0.0.24"
        }
      },
      "Xamarin.Firebase.Components": {
        "type": "Transitive",
        "resolved": "119.0.1.2",
        "contentHash": "YNwSQ/i7mn3W1+qyS0pPsjzRFGan2rpNZBrnNnGKLQ3tYXp66BfOA4fpBXV7Utcf13hgXDz7uDbQ169Xwyv90w==",
        "dependencies": {
          "Xamarin.AndroidX.Annotation": "1.10.0.1",
          "Xamarin.Build.Download": "0.11.4",
          "Xamarin.Firebase.Annotations": "117.0.0.4",
          "Xamarin.Google.ErrorProne.Annotations": "2.50.0.1"
        }
      },
      "Xamarin.Firebase.Encoders": {
        "type": "Transitive",
        "resolved": "117.0.0.26",
        "contentHash": "h2rpkwih48Pm6QYPDd5tq1yE+xaLVRqLqIMf/84VGDeRBGZmskM7LK4RIAy56nD+NYDF9i/CzbieSNnVkGDD1Q==",
        "dependencies": {
          "Xamarin.AndroidX.Annotation": "1.10.0.1",
          "Xamarin.Build.Download": "0.11.4"
        }
      },
      "Xamarin.Firebase.Encoders.JSON": {
        "type": "Transitive",
        "resolved": "118.0.1.18",
        "contentHash": "X89MBsA5hRKiOdzQqn95rS0ZJ0NBRTGKiX035ziu1W4IcdoHYVLgU0CUr6qdf3cjKq/XhWJsv7MZ0SRRb1+pJQ==",
        "dependencies": {
          "Xamarin.AndroidX.Annotation": "1.10.0.1",
          "Xamarin.Build.Download": "0.11.4",
          "Xamarin.Firebase.Encoders": "117.0.0.26",
          "Xamarin.Kotlin.StdLib.Jdk8": "2.4.0.1"
        }
      },
      "Xamarin.Firebase.Encoders.Proto": {
        "type": "Transitive",
        "resolved": "116.0.0.21",
        "contentHash": "+HfM4X5NJMRPL/FTBRaKSTEuzReh2y73gYi3R1WOyR9wDBHLeDbOkyDERyozBkki0+IgctJundasXGxg+UT+Qw==",
        "dependencies": {
          "Xamarin.AndroidX.Annotation": "1.10.0.1",
          "Xamarin.Build.Download": "0.11.4",
          "Xamarin.Firebase.Encoders": "117.0.0.26"
        }
      },
      "Xamarin.Google.Android.DataTransport.TransportApi": {
        "type": "Transitive",
        "resolved": "4.1.1.1",
        "contentHash": "N325GIqPG8sIZwuMoY5HufCkA3AXcse/i+0vO2yqQxLiOau6qMxF4P7WYXOvDy4sQOot5dS/z0K8Pm+ivelpfw==",
        "dependencies": {
          "Xamarin.AndroidX.Annotation": "1.10.0.1"
        }
      },
      "Xamarin.Google.Android.DataTransport.TransportBackendCct": {
        "type": "Transitive",
        "resolved": "4.1.1.1",
        "contentHash": "F1FdC/KnXWeLm7yb0+5fVKLOulVe5muzLDAPYsV/iYuqtTiQ7mfNUdDhAL3eT9/YBii++wrw2ajrHYUatnAHBg==",
        "dependencies": {
          "Xamarin.AndroidX.Annotation": "1.10.0.1",
          "Xamarin.Firebase.Encoders": "117.0.0.26",
          "Xamarin.Firebase.Encoders.JSON": "118.0.1.18",
          "Xamarin.Google.Android.DataTransport.TransportApi": "4.1.1.1",
          "Xamarin.Google.Android.DataTransport.TransportRuntime": "4.1.1.1"
        }
      },
      "Xamarin.Google.Android.DataTransport.TransportRuntime": {
        "type": "Transitive",
        "resolved": "4.1.1.1",
        "contentHash": "BLftcHdFSL0+jcVAVnDcHEIeKPEhz9rwnkvWTV/a7xGLvkv2aYgH0iSA4kRqZJuj/PmYydNZkGPqc+GQM81Ouw==",
        "dependencies": {
          "Xamarin.AndroidX.Annotation": "1.10.0.1",
          "Xamarin.Firebase.Encoders": "117.0.0.26",
          "Xamarin.Firebase.Encoders.Proto": "116.0.0.21",
          "Xamarin.Google.Android.DataTransport.TransportApi": "4.1.1.1",
          "Xamarin.JavaX.Inject": "1.0.0.24"
        }
      },
      "Xamarin.Google.ErrorProne.Annotations": {
        "type": "Transitive",
        "resolved": "2.50.0.1",
        "contentHash": "ip4SsCz/U2n/nJVL4Hk6BVzNWdWeQkyyLyo6zm3vWrCeAq/U4tIdNnR7i355pTZMzFeDwcITsTvStf0JQhpBxQ=="
      },
      "Xamarin.Google.Guava.ListenableFuture": {
        "type": "Transitive",
        "resolved": "1.0.0.32",
        "contentHash": "2jv4/HoPHk9PG8TGEuAwYMUJWf+OwxANCNASr0i0sWOAbvVQsNk9Mnu4BlYZkmJ5+KnEp0vtiHWDSkxm4kSabw=="
      },
      "Xamarin.Google.MLKit.Common": {
        "type": "Transitive",
        "resolved": "118.11.0.8",
        "contentHash": "bjadNyGaCW63iSE5L6eLMVEU0wclxRcNO6XXdTzFFaNDQb0D2MtVqBm0yqrW0I+uMHNItlFAcMQKHe5CDdL2Yg==",
        "dependencies": {
          "Xamarin.AndroidX.AppCompat": "1.7.1.4",
          "Xamarin.AndroidX.Core": "1.19.0.1",
          "Xamarin.Build.Download": "0.11.4",
          "Xamarin.Firebase.Components": "119.0.1.2",
          "Xamarin.Firebase.Encoders": "117.0.0.26",
          "Xamarin.Firebase.Encoders.JSON": "118.0.1.18",
          "Xamarin.Google.Android.DataTransport.TransportApi": "4.1.1.1",
          "Xamarin.Google.Android.DataTransport.TransportBackendCct": "4.1.1.1",
          "Xamarin.Google.Android.DataTransport.TransportRuntime": "4.1.1.1",
          "Xamarin.GooglePlayServices.Base": "118.10.0.2",
          "Xamarin.GooglePlayServices.Basement": "118.10.0.2",
          "Xamarin.GooglePlayServices.Tasks": "118.4.1.2"
        }
      },
      "Xamarin.GooglePlayServices.Base": {
        "type": "Transitive",
        "resolved": "118.10.0.2",
        "contentHash": "40L51NSrZ+asfe2eabmuAHdSHD5lU9+87LZ7wP8SHF9o9Tgrzy6biUmIern0nvBj85qpIBCweGBStpViVuWHBw==",
        "dependencies": {
          "Xamarin.AndroidX.Collection": "1.6.0.1",
          "Xamarin.AndroidX.Core": "1.19.0.1",
          "Xamarin.AndroidX.Fragment": "1.8.9.3",
          "Xamarin.Build.Download": "0.11.4",
          "Xamarin.GooglePlayServices.Basement": "118.10.0.2",
          "Xamarin.GooglePlayServices.Tasks": "118.4.1.2"
        }
      },
      "Xamarin.GooglePlayServices.Basement": {
        "type": "Transitive",
        "resolved": "118.10.0.2",
        "contentHash": "/hLDM8ptdZ8XNE8e9QY+8t0ndwXQYrs5LsejfQwyUfLIenuT4I9AR7DIPQU8j3/mhVYYuNUPgKOitAGReavBLA==",
        "dependencies": {
          "Xamarin.AndroidX.Collection": "1.6.0.1",
          "Xamarin.AndroidX.Core": "1.19.0.1",
          "Xamarin.AndroidX.Fragment": "1.8.9.3",
          "Xamarin.Build.Download": "0.11.4"
        }
      },
      "Xamarin.GooglePlayServices.Tasks": {
        "type": "Transitive",
        "resolved": "118.4.1.2",
        "contentHash": "hhswc2KhaFrfqwyMCdcGsoPKhULY2eEZ0UAxbO8IpQdRp5X2FqkfTGa64TBXWRR8+WQkoM44/akOyeQKBGnSQg==",
        "dependencies": {
          "Xamarin.Build.Download": "0.11.4",
          "Xamarin.GooglePlayServices.Basement": "118.10.0.2"
        }
      },
      "Xamarin.JavaX.Inject": {
        "type": "Transitive",
        "resolved": "1.0.0.24",
        "contentHash": "3zYLFaF3dKqgfsRw2GMm8max7ZJzIGVmHeXVCTG59TlcHqOtQPJ+n4GqJ5bNeshM0VAKwFacsxOU6BejSzKIUw=="
      },
      "Xamarin.Jetbrains.Annotations": {
        "type": "Transitive",
        "resolved": "26.1.0.2",
        "contentHash": "mwKW1QGbVFT649s9fJ/tTX1kkekI8Mt+n4sWS4kP39J78FjaatbNFu7bdyzxHYMbBB61S4cU6XRuaGAw2mhQCQ=="
      },
      "Xamarin.JSpecify": {
        "type": "Transitive",
        "resolved": "1.0.0.7",
        "contentHash": "pX+mTpwy0SkHGBxi3YPvQb0xLdl31GZD/VH+ebwXr97d5j7a+DGEyLWRqzC+hgZNK+bCOnlYlnUYYLD4TfSXSA=="
      },
      "Xamarin.Kotlin.StdLib": {
        "type": "Transitive",
        "resolved": "2.4.0.1",
        "contentHash": "ZGskPNF6lIQWzkwfhoRLuf9isUSOmjfTZVOVXXfDP/vL/xLNC4H4h/NC63AcNoscOAReRic0po3VZsqfvLsgZQ==",
        "dependencies": {
          "Xamarin.Jetbrains.Annotations": "26.1.0.2"
        }
      },
      "Xamarin.Kotlin.StdLib.Jdk7": {
        "type": "Transitive",
        "resolved": "2.4.0.1",
        "contentHash": "jp2UVlQc0IZPqe9heyPjRnErroAliVI2PrzN1jTijEVoYX6PEDTQpsI4AOchy5PUUFdoPh8F0DmTlpydqXctig==",
        "dependencies": {
          "Xamarin.Kotlin.StdLib": "2.4.0.1"
        }
      },
      "Xamarin.Kotlin.StdLib.Jdk8": {
        "type": "Transitive",
        "resolved": "2.4.0.1",
        "contentHash": "y8KdRcNhR/lcKqrvormaY8DWA8DFiYtztOFhMeNbnqzhpcXqpI4OsHQ1SnrjVcPuX2VUc2AwfEn4UlDLrIjksA==",
        "dependencies": {
          "Xamarin.Kotlin.StdLib": "2.4.0.1",
          "Xamarin.Kotlin.StdLib.Jdk7": "2.4.0.1"
        }
      },
      "Xamarin.KotlinX.AtomicFU": {
        "type": "Transitive",
        "resolved": "0.33.0.1",
        "contentHash": "9khTuFz9CvgZJc6pzKXNlmtTZF9zun1TCRHIlWpHddqmLoFjiN2Xy/Qfwj8+KK8EJZEBLPETOu0XsagKlm//SQ==",
        "dependencies": {
          "Xamarin.KotlinX.AtomicFU.Jvm": "0.33.0.1"
        }
      },
      "Xamarin.KotlinX.AtomicFU.Jvm": {
        "type": "Transitive",
        "resolved": "0.33.0.1",
        "contentHash": "4HAO14g7RTJm+WsahmXwzZBhBAEixKZuyiE+oxdQKAHCOfZzbh5uQphkcbp6YPpV3YVw/oOxE+vgL3Hn4ZPNUA==",
        "dependencies": {
          "Xamarin.Kotlin.StdLib": "2.4.0.1"
        }
      },
      "Xamarin.KotlinX.Coroutines.Android": {
        "type": "Transitive",
        "resolved": "1.11.0.1",
        "contentHash": "C+N1XS1s7bOD6ydON8DYjucwIsH/y1+zVRNQdwSqAG/6NEQPeTTxww2PpMnnIft9zxrpuCRBmnbb58BvL6j7+g==",
        "dependencies": {
          "Xamarin.Kotlin.StdLib": "2.4.0.1",
          "Xamarin.KotlinX.Coroutines.Core.Jvm": "1.11.0.1"
        }
      },
      "Xamarin.KotlinX.Coroutines.Core": {
        "type": "Transitive",
        "resolved": "1.11.0.1",
        "contentHash": "7zMBcmtyOqguwRLVZ8q6/GkWQ5RMu26W+me5KUJZU2yamHjdTfrOHIrnd0zmx3+3wwgohEmzjFfwwyJf3QOSwg==",
        "dependencies": {
          "Xamarin.KotlinX.Coroutines.Core.Jvm": "1.11.0.1"
        }
      },
      "Xamarin.KotlinX.Coroutines.Core.Jvm": {
        "type": "Transitive",
        "resolved": "1.11.0.1",
        "contentHash": "PfimvxVnQSf3E6eXnWIw3ZW60cSDCNAFNnouf0Bw19/GoHUFnDRIjUrOccnX5TR+V7rvfGP2c3nblijKyPxM+w==",
        "dependencies": {
          "Xamarin.Jetbrains.Annotations": "26.1.0.2",
          "Xamarin.Kotlin.StdLib": "2.4.0.1"
        }
      },
      "Xamarin.KotlinX.Serialization.Core": {
        "type": "Transitive",
        "resolved": "1.11.0.1",
        "contentHash": "Isdm4DA4BNRzQr+bX9p31taWWrf0pG0icOpq7kIeXb6qOR96kI6wi1nOlYt46mFtTpbJ2UyY5hkhJC+C+NknwA==",
        "dependencies": {
          "Xamarin.KotlinX.Serialization.Core.Jvm": "1.11.0.1"
        }
      },
      "Xamarin.KotlinX.Serialization.Core.Jvm": {
        "type": "Transitive",
        "resolved": "1.11.0.1",
        "contentHash": "UKb1C/+LxDhbLU2uQlR/4hEnbMbVir02j6jZE78H2TfP24E7NzXhIlCniFw6qp1nrSRCI4ZSs0dpxHvTANNoZQ==",
        "dependencies": {
          "Xamarin.Kotlin.StdLib": "2.4.0.1"
        }
      },
      "mostik.core": {
        "type": "Project"
      }
    },
    "net10.0-android36.0/android-arm64": {}
  }
}